
Microsoft Visual Studio Solution File, Format Version 12.00
# Visual Studio Version 16
VisualStudioVersion = 16.0.31727.386
MinimumVisualStudioVersion = 10.0.40219.1
Project("{FAE04EC0-301F-11D3-BF4B-00C04F79EFBC}") = "WpfHW15", "WpfHW15\WpfHW15.csproj", "{DDF62B19-3908-46E0-B673-7D6B21536A43}"
EndProject
Global
	GlobalSection(SolutionConfigurationPlatforms) = preSolution
		Debug|Any CPU = Debug|Any CPU
		Release|Any CPU = Release|Any CPU
	EndGlobalSection
	GlobalSection(ProjectConfigurationPlatforms) = postSolution
		{DDF62B19-3908-46E0-B673-7D6B21536A43}.Debug|Any CPU.ActiveCfg = Debug|Any CPU
		{DDF62B19-3908-46E0-B673-7D6B21536A43}.Debug|Any CPU.Build.0 = Debug|Any CPU
		{DDF62B19-3908-46E0-B673-7D6B21536A43}.Release|Any CPU.ActiveCfg = Release|Any CPU
		{DDF62B19-3908-46E0-B673-7D6B21536A43}.Release|Any CPU.Build.0 = Release|Any CPU
	EndGlobalSection
	GlobalSection(SolutionProperties) = preSolution
		HideSolutionNode = FALSE
	EndGlobalSection
	GlobalSection(ExtensibilityGlobals) = postSolution
		SolutionGuid = {FE15C2CE-DE53-4DA7-8CD8-D6DC839D7417}
	EndGlobalSection
EndGlobal
